
Microsoft Visual Studio Solution File, Format Version 12.00
# Visual Studio 14
VisualStudioVersion = 14.0.25420.1
MinimumVisualStudioVersion = 10.0.40219.1
Project("{FAE04EC0-301F-11D3-BF4B-00C04F79EFBC}") = "TestSQLite1", "TestSQLite1\TestSQLite1.csproj", "{C3BB5BBE-06C0-4AFA-8D66-B008E61D4CE1}"
EndProject
Project("{FAE04EC0-301F-11D3-BF4B-00C04F79EFBC}") = "FrozenFactory", "FrozenFactory\FrozenFactory.csproj", "{E92CBF24-6670-4365-AD69-E29878501309}"
EndProject
Project("{FAE04EC0-301F-11D3-BF4B-00C04F79EFBC}") = "Fincler", "Fincler\Fincler.csproj", "{2DEF8677-E4F9-4FAC-BECE-193890CBA2B6}"
EndProject
Project("{FAE04EC0-301F-11D3-BF4B-00C04F79EFBC}") = "Revit2016_T1", "Revit2016_T1\Revit2016_T1.csproj", "{B84B4486-DD88-4BF7-9C92-857435413B20}"
EndProject
Project("{FAE04EC0-301F-11D3-BF4B-00C04F79EFBC}") = "ToCatia1", "ToCatia1\ToCatia1.csproj", "{57B43328-922F-4672-9D56-9BA28F8A2DC5}"
EndProject
Project("{FAE04EC0-301F-11D3-BF4B-00C04F79EFBC}") = "WpfHelixToolkit", "WpfHelixToolkit\WpfHelixToolkit.csproj", "{94806978-3F97-4529-B174-BC3002FB4F40}"
EndProject
Project("{FAE04EC0-301F-11D3-BF4B-00C04F79EFBC}") = "MaterialTools", "MaterialTools\MaterialTools.csproj", "{F4B95325-EC15-4BF7-B5EA-98346AA716C1}"
EndProject
Project("{FAE04EC0-301F-11D3-BF4B-00C04F79EFBC}") = "CollideTree", "CollideTree\CollideTree.csproj", "{DC607BB6-91FE-4F1D-8255-84067C224B3F}"
EndProject
Project("{FAE04EC0-301F-11D3-BF4B-00C04F79EFBC}") = "KUKALibrary", "KUKALibrary\KUKALibrary.csproj", "{E0FBB1B7-700E-4208-9336-F260D9E85B6F}"
EndProject
Project("{FAE04EC0-301F-11D3-BF4B-00C04F79EFBC}") = "PolyworksLibrary", "PolyworksLibrary\PolyworksLibrary.csproj", "{37886935-E4FB-48D7-92B7-183664D9D32F}"
EndProject
Project("{FAE04EC0-301F-11D3-BF4B-00C04F79EFBC}") = "Unity3dLibrary", "Unity3dLibrary\Unity3dLibrary.csproj", "{97D6F9DB-B7C6-42AD-B420-40E600F34C85}"
EndProject
Global
	GlobalSection(SolutionConfigurationPlatforms) = preSolution
		Debug|Any CPU = Debug|Any CPU
		Release|Any CPU = Release|Any CPU
	EndGlobalSection
	GlobalSection(ProjectConfigurationPlatforms) = postSolution
		{C3BB5BBE-06C0-4AFA-8D66-B008E61D4CE1}.Debug|Any CPU.ActiveCfg = Debug|Any CPU
		{C3BB5BBE-06C0-4AFA-8D66-B008E61D4CE1}.Debug|Any CPU.Build.0 = Debug|Any CPU
		{C3BB5BBE-06C0-4AFA-8D66-B008E61D4CE1}.Release|Any CPU.ActiveCfg = Release|Any CPU
		{C3BB5BBE-06C0-4AFA-8D66-B008E61D4CE1}.Release|Any CPU.Build.0 = Release|Any CPU
		{E92CBF24-6670-4365-AD69-E29878501309}.Debug|Any CPU.ActiveCfg = Debug|Any CPU
		{E92CBF24-6670-4365-AD69-E29878501309}.Debug|Any CPU.Build.0 = Debug|Any CPU
		{E92CBF24-6670-4365-AD69-E29878501309}.Release|Any CPU.ActiveCfg = Release|Any CPU
		{E92CBF24-6670-4365-AD69-E29878501309}.Release|Any CPU.Build.0 = Release|Any CPU
		{2DEF8677-E4F9-4FAC-BECE-193890CBA2B6}.Debug|Any CPU.ActiveCfg = Debug|Any CPU
		{2DEF8677-E4F9-4FAC-BECE-193890CBA2B6}.Debug|Any CPU.Build.0 = Debug|Any CPU
		{2DEF8677-E4F9-4FAC-BECE-193890CBA2B6}.Release|Any CPU.ActiveCfg = Release|Any CPU
		{2DEF8677-E4F9-4FAC-BECE-193890CBA2B6}.Release|Any CPU.Build.0 = Release|Any CPU
		{B84B4486-DD88-4BF7-9C92-857435413B20}.Debug|Any CPU.ActiveCfg = Debug|Any CPU
		{B84B4486-DD88-4BF7-9C92-857435413B20}.Debug|Any CPU.Build.0 = Debug|Any CPU
		{B84B4486-DD88-4BF7-9C92-857435413B20}.Release|Any CPU.ActiveCfg = Release|Any CPU
		{B84B4486-DD88-4BF7-9C92-857435413B20}.Release|Any CPU.Build.0 = Release|Any CPU
		{57B43328-922F-4672-9D56-9BA28F8A2DC5}.Debug|Any CPU.ActiveCfg = Debug|Any CPU
		{57B43328-922F-4672-9D56-9BA28F8A2DC5}.Debug|Any CPU.Build.0 = Debug|Any CPU
		{57B43328-922F-4672-9D56-9BA28F8A2DC5}.Release|Any CPU.ActiveCfg = Release|Any CPU
		{57B43328-922F-4672-9D56-9BA28F8A2DC5}.Release|Any CPU.Build.0 = Release|Any CPU
		{94806978-3F97-4529-B174-BC3002FB4F40}.Debug|Any CPU.ActiveCfg = Debug|Any CPU
		{94806978-3F97-4529-B174-BC3002FB4F40}.Debug|Any CPU.Build.0 = Debug|Any CPU
		{94806978-3F97-4529-B174-BC3002FB4F40}.Release|Any CPU.ActiveCfg = Release|Any CPU
		{94806978-3F97-4529-B174-BC3002FB4F40}.Release|Any CPU.Build.0 = Release|Any CPU
		{F4B95325-EC15-4BF7-B5EA-98346AA716C1}.Debug|Any CPU.ActiveCfg = Debug|Any CPU
		{F4B95325-EC15-4BF7-B5EA-98346AA716C1}.Debug|Any CPU.Build.0 = Debug|Any CPU
		{F4B95325-EC15-4BF7-B5EA-98346AA716C1}.Release|Any CPU.ActiveCfg = Release|Any CPU
		{F4B95325-EC15-4BF7-B5EA-98346AA716C1}.Release|Any CPU.Build.0 = Release|Any CPU
		{DC607BB6-91FE-4F1D-8255-84067C224B3F}.Debug|Any CPU.ActiveCfg = Debug|Any CPU
		{DC607BB6-91FE-4F1D-8255-84067C224B3F}.Debug|Any CPU.Build.0 = Debug|Any CPU
		{DC607BB6-91FE-4F1D-8255-84067C224B3F}.Release|Any CPU.ActiveCfg = Release|Any CPU
		{DC607BB6-91FE-4F1D-8255-84067C224B3F}.Release|Any CPU.Build.0 = Release|Any CPU
		{E0FBB1B7-700E-4208-9336-F260D9E85B6F}.Debug|Any CPU.ActiveCfg = Debug|Any CPU
		{E0FBB1B7-700E-4208-9336-F260D9E85B6F}.Debug|Any CPU.Build.0 = Debug|Any CPU
		{E0FBB1B7-700E-4208-9336-F260D9E85B6F}.Release|Any CPU.ActiveCfg = Release|Any CPU
		{E0FBB1B7-700E-4208-9336-F260D9E85B6F}.Release|Any CPU.Build.0 = Release|Any CPU
		{37886935-E4FB-48D7-92B7-183664D9D32F}.Debug|Any CPU.ActiveCfg = Debug|Any CPU
		{37886935-E4FB-48D7-92B7-183664D9D32F}.Debug|Any CPU.Build.0 = Debug|Any CPU
		{37886935-E4FB-48D7-92B7-183664D9D32F}.Release|Any CPU.ActiveCfg = Release|Any CPU
		{37886935-E4FB-48D7-92B7-183664D9D32F}.Release|Any CPU.Build.0 = Release|Any CPU
		{97D6F9DB-B7C6-42AD-B420-40E600F34C85}.Debug|Any CPU.ActiveCfg = Debug|Any CPU
		{97D6F9DB-B7C6-42AD-B420-40E600F34C85}.Debug|Any CPU.Build.0 = Debug|Any CPU
		{97D6F9DB-B7C6-42AD-B420-40E600F34C85}.Release|Any CPU.ActiveCfg = Release|Any CPU
		{97D6F9DB-B7C6-42AD-B420-40E600F34C85}.Release|Any CPU.Build.0 = Release|Any CPU
	EndGlobalSection
	GlobalSection(SolutionProperties) = preSolution
		HideSolutionNode = FALSE
	EndGlobalSection
EndGlobal
